
Microsoft Visual Studio Solution File, Format Version 12.00
# Visual Studio Version 17
VisualStudioVersion = 17.5.002.0
MinimumVisualStudioVersion = 10.0.40219.1
Project("{9A19103F-16F7-4668-BE54-9A1E7A4F7556}") = "sambar", "sambar.csproj", "{FDE00195-022A-445C-AC13-83A3AF7A2D2D}"
EndProject
Global
	GlobalSection(SolutionConfigurationPlatforms) = preSolution
		Debug|Any CPU = Debug|Any CPU
		Release|Any CPU = Release|Any CPU
	EndGlobalSection
	GlobalSection(ProjectConfigurationPlatforms) = postSolution
		{FDE00195-022A-445C-AC13-83A3AF7A2D2D}.Debug|Any CPU.ActiveCfg = Debug|Any CPU
		{FDE00195-022A-445C-AC13-83A3AF7A2D2D}.Debug|Any CPU.Build.0 = Debug|Any CPU
		{FDE00195-022A-445C-AC13-83A3AF7A2D2D}.Release|Any CPU.ActiveCfg = Release|Any CPU
		{FDE00195-022A-445C-AC13-83A3AF7A2D2D}.Release|Any CPU.Build.0 = Release|Any CPU
	EndGlobalSection
	GlobalSection(SolutionProperties) = preSolution
		HideSolutionNode = FALSE
	EndGlobalSection
	GlobalSection(ExtensibilityGlobals) = postSolution
		SolutionGuid = {42275633-27CB-4391-8790-89CE388475E0}
	EndGlobalSection
EndGlobal
